// !$*UTF8*$!
{
	archiveVersion = 1;
	classes = {
	};
	objectVersion = 46;
	objects = {

/* Begin PBXBuildFile section */
		15C83AA2E36934B4B7A6D0B5 /* libPods-极光推送版本.a in Frameworks */ = {isa = PBXBuildFile; fileRef = E2FB4AB965547103118D9AE9 /* libPods-极光推送版本.a */; };
		B613593B1ED7D7D6002159DF /* Reachability.m in Sources */ = {isa = PBXBuildFile; fileRef = B61359391ED7D7D6002159DF /* Reachability.m */; settings = {COMPILER_FLAGS = "-fno-objc-arc"; }; };
		B613593D1ED7D9C4002159DF /* SystemConfiguration.framework in Frameworks */ = {isa = PBXBuildFile; fileRef = B613593C1ED7D9C4002159DF /* SystemConfiguration.framework */; };
		B62526CA1F0DD1BF00ED07A8 /* CoreMotion.framework in Frameworks */ = {isa = PBXBuildFile; fileRef = B62526C91F0DD1BF00ED07A8 /* CoreMotion.framework */; };
		B68897A61FDB82EC007317AA /* ActivateViewController.m in Sources */ = {isa = PBXBuildFile; fileRef = B68897A51FDB82EC007317AA /* ActivateViewController.m */; };
		B68897A91FDB8F39007317AA /* SFHFKeychainUtils.m in Sources */ = {isa = PBXBuildFile; fileRef = B68897A81FDB8F36007317AA /* SFHFKeychainUtils.m */; };
		B68BC9C41FDA8AA900762395 /* AppDelegate+Jpush.m in Sources */ = {isa = PBXBuildFile; fileRef = B68BC9C31FDA8AA900762395 /* AppDelegate+Jpush.m */; };
		B68BC9C71FDA8B1F00762395 /* skJPUSHSet.m in Sources */ = {isa = PBXBuildFile; fileRef = B68BC9C51FDA8B1F00762395 /* skJPUSHSet.m */; };
		B6A66DD81ED6AEF8002B1604 /* main.m in Sources */ = {isa = PBXBuildFile; fileRef = B6A66DD71ED6AEF8002B1604 /* main.m */; };
		B6A66DE31ED6AEF8002B1604 /* Assets.xcassets in Resources */ = {isa = PBXBuildFile; fileRef = B6A66DE21ED6AEF8002B1604 /* Assets.xcassets */; };
		B6A66DEE1ED6AF44002B1604 /* Podfile in Resources */ = {isa = PBXBuildFile; fileRef = B6A66DED1ED6AF44002B1604 /* Podfile */; };
		B6A66DF01ED6B131002B1604 /* HealthKit.framework in Frameworks */ = {isa = PBXBuildFile; fileRef = B6A66DEF1ED6B131002B1604 /* HealthKit.framework */; };
		B6A66DF41ED6B143002B1604 /* MapKit.framework in Frameworks */ = {isa = PBXBuildFile; fileRef = B6A66DF31ED6B143002B1604 /* MapKit.framework */; };
		B6A66E1B1ED6B179002B1604 /* AppDelegate.m in Sources */ = {isa = PBXBuildFile; fileRef = B6A66DF71ED6B179002B1604 /* AppDelegate.m */; };
		B6A66E1C1ED6B179002B1604 /* LaunchScreen.storyboard in Resources */ = {isa = PBXBuildFile; fileRef = B6A66DF81ED6B179002B1604 /* LaunchScreen.storyboard */; };
		B6A66EA31ED6B1B8002B1604 /* Info.plist in Resources */ = {isa = PBXBuildFile; fileRef = B6A66E331ED6B1B8002B1604 /* Info.plist */; };
		B6A66EA41ED6B1B8002B1604 /* MJExtensionConst.m in Sources */ = {isa = PBXBuildFile; fileRef = B6A66E361ED6B1B8002B1604 /* MJExtensionConst.m */; };
		B6A66EA51ED6B1B8002B1604 /* MJFoundation.m in Sources */ = {isa = PBXBuildFile; fileRef = B6A66E381ED6B1B8002B1604 /* MJFoundation.m */; };
		B6A66EA61ED6B1B8002B1604 /* MJProperty.m in Sources */ = {isa = PBXBuildFile; fileRef = B6A66E3A1ED6B1B8002B1604 /* MJProperty.m */; };
		B6A66EA71ED6B1B8002B1604 /* MJPropertyKey.m in Sources */ = {isa = PBXBuildFile; fileRef = B6A66E3C1ED6B1B8002B1604 /* MJPropertyKey.m */; };
		B6A66EA81ED6B1B8002B1604 /* MJPropertyType.m in Sources */ = {isa = PBXBuildFile; fileRef = B6A66E3E1ED6B1B8002B1604 /* MJPropertyType.m */; };
		B6A66EA91ED6B1B8002B1604 /* NSObject+MJClass.m in Sources */ = {isa = PBXBuildFile; fileRef = B6A66E401ED6B1B8002B1604 /* NSObject+MJClass.m */; };
		B6A66EAA1ED6B1B8002B1604 /* NSObject+MJCoding.m in Sources */ = {isa = PBXBuildFile; fileRef = B6A66E421ED6B1B8002B1604 /* NSObject+MJCoding.m */; };
		B6A66EAB1ED6B1B8002B1604 /* NSObject+MJKeyValue.m in Sources */ = {isa = PBXBuildFile; fileRef = B6A66E441ED6B1B8002B1604 /* NSObject+MJKeyValue.m */; };
		B6A66EAC1ED6B1B8002B1604 /* NSObject+MJProperty.m in Sources */ = {isa = PBXBuildFile; fileRef = B6A66E461ED6B1B8002B1604 /* NSObject+MJProperty.m */; };
		B6A66EAD1ED6B1B8002B1604 /* NSString+MJExtension.m in Sources */ = {isa = PBXBuildFile; fileRef = B6A66E481ED6B1B8002B1604 /* NSString+MJExtension.m */; };
		B6A66EAE1ED6B1B8002B1604 /* skyerDateUse.m in Sources */ = {isa = PBXBuildFile; fileRef = B6A66E4B1ED6B1B8002B1604 /* skyerDateUse.m */; };
		B6A66EAF1ED6B1B8002B1604 /* PopoverAction.m in Sources */ = {isa = PBXBuildFile; fileRef = B6A66E4F1ED6B1B8002B1604 /* PopoverAction.m */; };
		B6A66EB01ED6B1B8002B1604 /* PopoverView.m in Sources */ = {isa = PBXBuildFile; fileRef = B6A66E511ED6B1B8002B1604 /* PopoverView.m */; };
		B6A66EB11ED6B1B8002B1604 /* PopoverViewCell.m in Sources */ = {isa = PBXBuildFile; fileRef = B6A66E531ED6B1B8002B1604 /* PopoverViewCell.m */; };
		B6A66EB81ED6B1B8002B1604 /* skyer.sqlite in Resources */ = {isa = PBXBuildFile; fileRef = B6A66E621ED6B1B8002B1604 /* skyer.sqlite */; };
		B6A66EB91ED6B1B8002B1604 /* SkyerFmdbUse.m in Sources */ = {isa = PBXBuildFile; fileRef = B6A66E641ED6B1B8002B1604 /* SkyerFmdbUse.m */; };
		B6A66EBA1ED6B1B8002B1604 /* CIImage+SGExtension.m in Sources */ = {isa = PBXBuildFile; fileRef = B6A66E681ED6B1B8002B1604 /* CIImage+SGExtension.m */; };
		B6A66EBB1ED6B1B8002B1604 /* SGGenerateQRCodeVC.m in Sources */ = {isa = PBXBuildFile; fileRef = B6A66E6B1ED6B1B8002B1604 /* SGGenerateQRCodeVC.m */; };
		B6A66EBC1ED6B1B8002B1604 /* SkyerScanningCodeVC.m in Sources */ = {isa = PBXBuildFile; fileRef = B6A66E6D1ED6B1B8002B1604 /* SkyerScanningCodeVC.m */; };
		B6A66EBD1ED6B1B8002B1604 /* SGAlertView.m in Sources */ = {isa = PBXBuildFile; fileRef = B6A66E701ED6B1B8002B1604 /* SGAlertView.m */; };
		B6A66EBE1ED6B1B8002B1604 /* sound.caf in Resources */ = {isa = PBXBuildFile; fileRef = B6A66E721ED6B1B8002B1604 /* sound.caf */; };
		B6A66EBF1ED6B1B8002B1604 /* SGScanningQRCodeView.m in Sources */ = {isa = PBXBuildFile; fileRef = B6A66E751ED6B1B8002B1604 /* SGScanningQRCodeView.m */; };
		B6A66EC31ED6B1B8002B1604 /* address.plist in Resources */ = {isa = PBXBuildFile; fileRef = B6A66E801ED6B1B8002B1604 /* address.plist */; };
		B6A66EC41ED6B1B8002B1604 /* CityPicker.storyboard in Resources */ = {isa = PBXBuildFile; fileRef = B6A66E811ED6B1B8002B1604 /* CityPicker.storyboard */; };
		B6A66EC51ED6B1B8002B1604 /* CityPickerViewController.m in Sources */ = {isa = PBXBuildFile; fileRef = B6A66E831ED6B1B8002B1604 /* CityPickerViewController.m */; };
		B6A66EC61ED6B1B8002B1604 /* SkyerCityPicker.m in Sources */ = {isa = PBXBuildFile; fileRef = B6A66E851ED6B1B8002B1604 /* SkyerCityPicker.m */; };
		B6A66EC71ED6B1B8002B1604 /* SkyerNavigationController.m in Sources */ = {isa = PBXBuildFile; fileRef = B6A66E881ED6B1B8002B1604 /* SkyerNavigationController.m */; };
		B6A66ECB1ED6B1B8002B1604 /* SkyerUIFactory.m in Sources */ = {isa = PBXBuildFile; fileRef = B6A66E921ED6B1B8002B1604 /* SkyerUIFactory.m */; };
		B6A66ECE1ED6B1B8002B1604 /* SkyerImagePicker.m in Sources */ = {isa = PBXBuildFile; fileRef = B6A66E9B1ED6B1B8002B1604 /* SkyerImagePicker.m */; };
		B6A66ECF1ED6B1B8002B1604 /* SkyerAnimation.m in Sources */ = {isa = PBXBuildFile; fileRef = B6A66E9E1ED6B1B8002B1604 /* SkyerAnimation.m */; };
		B6A66EF01ED6BA57002B1604 /* Main.storyboard in Resources */ = {isa = PBXBuildFile; fileRef = B6A66EEF1ED6BA57002B1604 /* Main.storyboard */; };
		B6A6FC291ED6C5D80060FC5E /* IQKeyboardManagerShare.m in Sources */ = {isa = PBXBuildFile; fileRef = B6A6FC281ED6C5D80060FC5E /* IQKeyboardManagerShare.m */; };
		B6A6FC4C1ED6C5E70060FC5E /* FirstViewController.m in Sources */ = {isa = PBXBuildFile; fileRef = B6A6FC2C1ED6C5E70060FC5E /* FirstViewController.m */; };
		B6A6FC4D1ED6C5E70060FC5E /* SportGetDataView.m in Sources */ = {isa = PBXBuildFile; fileRef = B6A6FC2E1ED6C5E70060FC5E /* SportGetDataView.m */; };
		B6A6FC4E1ED6C5E70060FC5E /* SportGetDataView.xib in Resources */ = {isa = PBXBuildFile; fileRef = B6A6FC2F1ED6C5E70060FC5E /* SportGetDataView.xib */; };
		B6A6FC4F1ED6C5E70060FC5E /* SportMapView.m in Sources */ = {isa = PBXBuildFile; fileRef = B6A6FC311ED6C5E70060FC5E /* SportMapView.m */; };
		B6A6FC501ED6C5E70060FC5E /* SportMapView.xib in Resources */ = {isa = PBXBuildFile; fileRef = B6A6FC321ED6C5E70060FC5E /* SportMapView.xib */; };
		B6A6FC511ED6C5E70060FC5E /* MapMineTrackViewController.m in Sources */ = {isa = PBXBuildFile; fileRef = B6A6FC351ED6C5E70060FC5E /* MapMineTrackViewController.m */; };
		B6A6FC521ED6C5E70060FC5E /* MapTodayViewController.m in Sources */ = {isa = PBXBuildFile; fileRef = B6A6FC371ED6C5E70060FC5E /* MapTodayViewController.m */; };
		B6A6FC531ED6C5E70060FC5E /* MyTrackViewController.m in Sources */ = {isa = PBXBuildFile; fileRef = B6A6FC391ED6C5E70060FC5E /* MyTrackViewController.m */; };
		B6A6FC541ED6C5E70060FC5E /* SecondViewController.m in Sources */ = {isa = PBXBuildFile; fileRef = B6A6FC3B1ED6C5E70060FC5E /* SecondViewController.m */; };
		B6A6FC551ED6C5E70060FC5E /* TodayTrackViewController.m in Sources */ = {isa = PBXBuildFile; fileRef = B6A6FC3D1ED6C5E70060FC5E /* TodayTrackViewController.m */; };
		B6A6FC561ED6C5E70060FC5E /* RouteBookViewController.m in Sources */ = {isa = PBXBuildFile; fileRef = B6A6FC401ED6C5E70060FC5E /* RouteBookViewController.m */; };
		B6A6FC571ED6C5E70060FC5E /* RouteDetailsViewController.m in Sources */ = {isa = PBXBuildFile; fileRef = B6A6FC421ED6C5E70060FC5E /* RouteDetailsViewController.m */; };
		B6A6FC581ED6C5E70060FC5E /* ThirdViewController.m in Sources */ = {isa = PBXBuildFile; fileRef = B6A6FC441ED6C5E70060FC5E /* ThirdViewController.m */; };
		B6A6FC591ED6C5E70060FC5E /* MainViewController.m in Sources */ = {isa = PBXBuildFile; fileRef = B6A6FC461ED6C5E70060FC5E /* MainViewController.m */; };
		B6A6FC5A1ED6C5E70060FC5E /* QQStepViewController.m in Sources */ = {isa = PBXBuildFile; fileRef = B6A6FC491ED6C5E70060FC5E /* QQStepViewController.m */; };
		B6A6FC5B1ED6C5E70060FC5E /* ZSHealthKitManager.m in Sources */ = {isa = PBXBuildFile; fileRef = B6A6FC4B1ED6C5E70060FC5E /* ZSHealthKitManager.m */; };
		B6A6FC6E1ED6C6020060FC5E /* CommonUtility.m in Sources */ = {isa = PBXBuildFile; fileRef = B6A6FC5F1ED6C6020060FC5E /* CommonUtility.m */; };
		B6A6FC6F1ED6C6020060FC5E /* LineDashPolyline.m in Sources */ = {isa = PBXBuildFile; fileRef = B6A6FC611ED6C6020060FC5E /* LineDashPolyline.m */; };
		B6A6FC701ED6C6020060FC5E /* MANaviAnnotation.m in Sources */ = {isa = PBXBuildFile; fileRef = B6A6FC631ED6C6020060FC5E /* MANaviAnnotation.m */; };
		B6A6FC711ED6C6020060FC5E /* MANaviPolyline.m in Sources */ = {isa = PBXBuildFile; fileRef = B6A6FC651ED6C6020060FC5E /* MANaviPolyline.m */; };
		B6A6FC721ED6C6020060FC5E /* MANaviRoute.m in Sources */ = {isa = PBXBuildFile; fileRef = B6A6FC671ED6C6020060FC5E /* MANaviRoute.m */; };
		B6A6FC731ED6C6020060FC5E /* Student.m in Sources */ = {isa = PBXBuildFile; fileRef = B6A6FC6A1ED6C6020060FC5E /* Student.m */; };
		B6A6FC741ED6C6020060FC5E /* StartAndEndPoint.m in Sources */ = {isa = PBXBuildFile; fileRef = B6A6FC6D1ED6C6020060FC5E /* StartAndEndPoint.m */; };
		B6A6FC771ED6DF1A0060FC5E /* SkyerJpushMessage.m in Sources */ = {isa = PBXBuildFile; fileRef = B6A6FC761ED6DF1A0060FC5E /* SkyerJpushMessage.m */; };
/* End PBXBuildFile section */

/* Begin PBXFileReference section */
		821AB6A8416D5B97D9C1F957 /* Pods-极光推送版本.debug.xcconfig */ = {isa = PBXFileReference; includeInIndex = 1; lastKnownFileType = text.xcconfig; name = "Pods-极光推送版本.debug.xcconfig"; path = "Pods/Target Support Files/Pods-极光推送版本/Pods-极光推送版本.debug.xcconfig"; sourceTree = "<group>"; };
		B61359381ED7D7D6002159DF /* Reachability.h */ = {isa = PBXFileReference; fileEncoding = 4; lastKnownFileType = sourcecode.c.h; path = Reachability.h; sourceTree = "<group>"; };
		B61359391ED7D7D6002159DF /* Reachability.m */ = {isa = PBXFileReference; fileEncoding = 4; lastKnownFileType = sourcecode.c.objc; path = Reachability.m; sourceTree = "<group>"; };
		B613593A1ED7D7D6002159DF /* Reachability用法.h */ = {isa = PBXFileReference; fileEncoding = 4; lastKnownFileType = sourcecode.c.h; path = "Reachability用法.h"; sourceTree = "<group>"; };
		B613593C1ED7D9C4002159DF /* SystemConfiguration.framework */ = {isa = PBXFileReference; lastKnownFileType = wrapper.framework; name = SystemConfiguration.framework; path = System/Library/Frameworks/SystemConfiguration.framework; sourceTree = SDKROOT; };
		B62526C91F0DD1BF00ED07A8 /* CoreMotion.framework */ = {isa = PBXFileReference; lastKnownFileType = wrapper.framework; name = CoreMotion.framework; path = System/Library/Frameworks/CoreMotion.framework; sourceTree = SDKROOT; };
		B68897A41FDB82EC007317AA /* ActivateViewController.h */ = {isa = PBXFileReference; lastKnownFileType = sourcecode.c.h; path = ActivateViewController.h; sourceTree = "<group>"; };
		B68897A51FDB82EC007317AA /* ActivateViewController.m */ = {isa = PBXFileReference; lastKnownFileType = sourcecode.c.objc; path = ActivateViewController.m; sourceTree = "<group>"; };
		B68897A71FDB8F34007317AA /* SFHFKeychainUtils.h */ = {isa = PBXFileReference; fileEncoding = 4; lastKnownFileType = sourcecode.c.h; path = SFHFKeychainUtils.h; sourceTree = "<group>"; };
		B68897A81FDB8F36007317AA /* SFHFKeychainUtils.m */ = {isa = PBXFileReference; fileEncoding = 4; lastKnownFileType = sourcecode.c.objc; path = SFHFKeychainUtils.m; sourceTree = "<group>"; };
		B68BC9C21FDA8AA900762395 /* AppDelegate+Jpush.h */ = {isa = PBXFileReference; fileEncoding = 4; lastKnownFileType = sourcecode.c.h; path = "AppDelegate+Jpush.h"; sourceTree = "<group>"; };
		B68BC9C31FDA8AA900762395 /* AppDelegate+Jpush.m */ = {isa = PBXFileReference; fileEncoding = 4; lastKnownFileType = sourcecode.c.objc; path = "AppDelegate+Jpush.m"; sourceTree = "<group>"; };
		B68BC9C51FDA8B1F00762395 /* skJPUSHSet.m */ = {isa = PBXFileReference; fileEncoding = 4; lastKnownFileType = sourcecode.c.objc; path = skJPUSHSet.m; sourceTree = "<group>"; };
		B68BC9C61FDA8B1F00762395 /* skJPUSHSet.h */ = {isa = PBXFileReference; fileEncoding = 4; lastKnownFileType = sourcecode.c.h; path = skJPUSHSet.h; sourceTree = "<group>"; };
		B68BC9C81FDA8B9900762395 /* SkyerSingleton.h */ = {isa = PBXFileReference; fileEncoding = 4; lastKnownFileType = sourcecode.c.h; path = SkyerSingleton.h; sourceTree = "<group>"; };
		B6A66DD31ED6AEF8002B1604 /* 极光推送版本.app */ = {isa = PBXFileReference; explicitFileType = wrapper.application; includeInIndex = 0; path = "极光推送版本.app"; sourceTree = BUILT_PRODUCTS_DIR; };
		B6A66DD71ED6AEF8002B1604 /* main.m */ = {isa = PBXFileReference; lastKnownFileType = sourcecode.c.objc; path = main.m; sourceTree = "<group>"; };
		B6A66DE21ED6AEF8002B1604 /* Assets.xcassets */ = {isa = PBXFileReference; lastKnownFileType = folder.assetcatalog; path = Assets.xcassets; sourceTree = "<group>"; };
		B6A66DE71ED6AEF8002B1604 /* Info.plist */ = {isa = PBXFileReference; lastKnownFileType = text.plist.xml; path = Info.plist; sourceTree = "<group>"; };
		B6A66DED1ED6AF44002B1604 /* Podfile */ = {isa = PBXFileReference; fileEncoding = 4; lastKnownFileType = text; name = Podfile; path = ../Podfile; sourceTree = "<group>"; xcLanguageSpecificationIdentifier = xcode.lang.ruby; };
		B6A66DEF1ED6B131002B1604 /* HealthKit.framework */ = {isa = PBXFileReference; lastKnownFileType = wrapper.framework; name = HealthKit.framework; path = System/Library/Frameworks/HealthKit.framework; sourceTree = SDKROOT; };
		B6A66DF31ED6B143002B1604 /* MapKit.framework */ = {isa = PBXFileReference; lastKnownFileType = wrapper.framework; name = MapKit.framework; path = System/Library/Frameworks/MapKit.framework; sourceTree = SDKROOT; };
		B6A66DF61ED6B179002B1604 /* AppDelegate.h */ = {isa = PBXFileReference; fileEncoding = 4; lastKnownFileType = sourcecode.c.h; path = AppDelegate.h; sourceTree = "<group>"; };
		B6A66DF71ED6B179002B1604 /* AppDelegate.m */ = {isa = PBXFileReference; fileEncoding = 4; lastKnownFileType = sourcecode.c.objc; path = AppDelegate.m; sourceTree = "<group>"; };
		B6A66DF81ED6B179002B1604 /* LaunchScreen.storyboard */ = {isa = PBXFileReference; fileEncoding = 4; lastKnownFileType = file.storyboard; name = LaunchScreen.storyboard; path = Src/LaunchScreen.storyboard; sourceTree = "<group>"; };
		B6A66E331ED6B1B8002B1604 /* Info.plist */ = {isa = PBXFileReference; fileEncoding = 4; lastKnownFileType = text.plist.xml; path = Info.plist; sourceTree = "<group>"; };
		B6A66E341ED6B1B8002B1604 /* MJExtension.h */ = {isa = PBXFileReference; fileEncoding = 4; lastKnownFileType = sourcecode.c.h; path = MJExtension.h; sourceTree = "<group>"; };
		B6A66E351ED6B1B8002B1604 /* MJExtensionConst.h */ = {isa = PBXFileReference; fileEncoding = 4; lastKnownFileType = sourcecode.c.h; path = MJExtensionConst.h; sourceTree = "<group>"; };
		B6A66E361ED6B1B8002B1604 /* MJExtensionConst.m */ = {isa = PBXFileReference; fileEncoding = 4; lastKnownFileType = sourcecode.c.objc; path = MJExtensionConst.m; sourceTree = "<group>"; };
		B6A66E371ED6B1B8002B1604 /* MJFoundation.h */ = {isa = PBXFileReference; fileEncoding = 4; lastKnownFileType = sourcecode.c.h; path = MJFoundation.h; sourceTree = "<group>"; };
		B6A66E381ED6B1B8002B1604 /* MJFoundation.m */ = {isa = PBXFileReference; fileEncoding = 4; lastKnownFileType = sourcecode.c.objc; path = MJFoundation.m; sourceTree = "<group>"; };
		B6A66E391ED6B1B8002B1604 /* MJProperty.h */ = {isa = PBXFileReference; fileEncoding = 4; lastKnownFileType = sourcecode.c.h; path = MJProperty.h; sourceTree = "<group>"; };
		B6A66E3A1ED6B1B8002B1604 /* MJProperty.m */ = {isa = PBXFileReference; fileEncoding = 4; lastKnownFileType = sourcecode.c.objc; path = MJProperty.m; sourceTree = "<group>"; };
		B6A66E3B1ED6B1B8002B1604 /* MJPropertyKey.h */ = {isa = PBXFileReference; fileEncoding = 4; lastKnownFileType = sourcecode.c.h; path = MJPropertyKey.h; sourceTree = "<group>"; };
		B6A66E3C1ED6B1B8002B1604 /* MJPropertyKey.m */ = {isa = PBXFileReference; fileEncoding = 4; lastKnownFileType = sourcecode.c.objc; path = MJPropertyKey.m; sourceTree = "<group>"; };
		B6A66E3D1ED6B1B8002B1604 /* MJPropertyType.h */ = {isa = PBXFileReference; fileEncoding = 4; lastKnownFileType = sourcecode.c.h; path = MJPropertyType.h; sourceTree = "<group>"; };
		B6A66E3E1ED6B1B8002B1604 /* MJPropertyType.m */ = {isa = PBXFileReference; fileEncoding = 4; lastKnownFileType = sourcecode.c.objc; path = MJPropertyType.m; sourceTree = "<group>"; };
		B6A66E3F1ED6B1B8002B1604 /* NSObject+MJClass.h */ = {isa = PBXFileReference; fileEncoding = 4; lastKnownFileType = sourcecode.c.h; path = "NSObject+MJClass.h"; sourceTree = "<group>"; };
		B6A66E401ED6B1B8002B1604 /* NSObject+MJClass.m */ = {isa = PBXFileReference; fileEncoding = 4; lastKnownFileType = sourcecode.c.objc; path = "NSObject+MJClass.m"; sourceTree = "<group>"; };
		B6A66E411ED6B1B8002B1604 /* NSObject+MJCoding.h */ = {isa = PBXFileReference; fileEncoding = 4; lastKnownFileType = sourcecode.c.h; path = "NSObject+MJCoding.h"; sourceTree = "<group>"; };
		B6A66E421ED6B1B8002B1604 /* NSObject+MJCoding.m */ = {isa = PBXFileReference; fileEncoding = 4; lastKnownFileType = sourcecode.c.objc; path = "NSObject+MJCoding.m"; sourceTree = "<group>"; };
		B6A66E431ED6B1B8002B1604 /* NSObject+MJKeyValue.h */ = {isa = PBXFileReference; fileEncoding = 4; lastKnownFileType = sourcecode.c.h; path = "NSObject+MJKeyValue.h"; sourceTree = "<group>"; };
		B6A66E441ED6B1B8002B1604 /* NSObject+MJKeyValue.m */ = {isa = PBXFileReference; fileEncoding = 4; lastKnownFileType = sourcecode.c.objc; path = "NSObject+MJKeyValue.m"; sourceTree = "<group>"; };
		B6A66E451ED6B1B8002B1604 /* NSObject+MJProperty.h */ = {isa = PBXFileReference; fileEncoding = 4; lastKnownFileType = sourcecode.c.h; path = "NSObject+MJProperty.h"; sourceTree = "<group>"; };
		B6A66E461ED6B1B8002B1604 /* NSObject+MJProperty.m */ = {isa = PBXFileReference; fileEncoding = 4; lastKnownFileType = sourcecode.c.objc; path = "NSObject+MJProperty.m"; sourceTree = "<group>"; };
		B6A66E471ED6B1B8002B1604 /* NSString+MJExtension.h */ = {isa = PBXFileReference; fileEncoding = 4; lastKnownFileType = sourcecode.c.h; path = "NSString+MJExtension.h"; sourceTree = "<group>"; };
		B6A66E481ED6B1B8002B1604 /* NSString+MJExtension.m */ = {isa = PBXFileReference; fileEncoding = 4; lastKnownFileType = sourcecode.c.objc; path = "NSString+MJExtension.m"; sourceTree = "<group>"; };
		B6A66E4A1ED6B1B8002B1604 /* skyerDateUse.h */ = {isa = PBXFileReference; fileEncoding = 4; lastKnownFileType = sourcecode.c.h; path = skyerDateUse.h; sourceTree = "<group>"; };
		B6A66E4B1ED6B1B8002B1604 /* skyerDateUse.m */ = {isa = PBXFileReference; fileEncoding = 4; lastKnownFileType = sourcecode.c.objc; path = skyerDateUse.m; sourceTree = "<group>"; };
		B6A66E4E1ED6B1B8002B1604 /* PopoverAction.h */ = {isa = PBXFileReference; fileEncoding = 4; lastKnownFileType = sourcecode.c.h; path = PopoverAction.h; sourceTree = "<group>"; };
		B6A66E4F1ED6B1B8002B1604 /* PopoverAction.m */ = {isa = PBXFileReference; fileEncoding = 4; lastKnownFileType = sourcecode.c.objc; path = PopoverAction.m; sourceTree = "<group>"; };
		B6A66E501ED6B1B8002B1604 /* PopoverView.h */ = {isa = PBXFileReference; fileEncoding = 4; lastKnownFileType = sourcecode.c.h; path = PopoverView.h; sourceTree = "<group>"; };
		B6A66E511ED6B1B8002B1604 /* PopoverView.m */ = {isa = PBXFileReference; fileEncoding = 4; lastKnownFileType = sourcecode.c.objc; path = PopoverView.m; sourceTree = "<group>"; };
		B6A66E521ED6B1B8002B1604 /* PopoverViewCell.h */ = {isa = PBXFileReference; fileEncoding = 4; lastKnownFileType = sourcecode.c.h; path = PopoverViewCell.h; sourceTree = "<group>"; };
		B6A66E531ED6B1B8002B1604 /* PopoverViewCell.m */ = {isa = PBXFileReference; fileEncoding = 4; lastKnownFileType = sourcecode.c.objc; path = PopoverViewCell.m; sourceTree = "<group>"; };
		B6A66E621ED6B1B8002B1604 /* skyer.sqlite */ = {isa = PBXFileReference; lastKnownFileType = file; path = skyer.sqlite; sourceTree = "<group>"; };
		B6A66E631ED6B1B8002B1604 /* SkyerFmdbUse.h */ = {isa = PBXFileReference; fileEncoding = 4; lastKnownFileType = sourcecode.c.h; path = SkyerFmdbUse.h; sourceTree = "<group>"; };
		B6A66E641ED6B1B8002B1604 /* SkyerFmdbUse.m */ = {isa = PBXFileReference; fileEncoding = 4; lastKnownFileType = sourcecode.c.objc; path = SkyerFmdbUse.m; sourceTree = "<group>"; };
		B6A66E671ED6B1B8002B1604 /* CIImage+SGExtension.h */ = {isa = PBXFileReference; fileEncoding = 4; lastKnownFileType = sourcecode.c.h; path = "CIImage+SGExtension.h"; sourceTree = "<group>"; };
		B6A66E681ED6B1B8002B1604 /* CIImage+SGExtension.m */ = {isa = PBXFileReference; fileEncoding = 4; lastKnownFileType = sourcecode.c.objc; path = "CIImage+SGExtension.m"; sourceTree = "<group>"; };
		B6A66E6A1ED6B1B8002B1604 /* SGGenerateQRCodeVC.h */ = {isa = PBXFileReference; fileEncoding = 4; lastKnownFileType = sourcecode.c.h; path = SGGenerateQRCodeVC.h; sourceTree = "<group>"; };
		B6A66E6B1ED6B1B8002B1604 /* SGGenerateQRCodeVC.m */ = {isa = PBXFileReference; fileEncoding = 4; lastKnownFileType = sourcecode.c.objc; path = SGGenerateQRCodeVC.m; sourceTree = "<group>"; };
		B6A66E6C1ED6B1B8002B1604 /* SkyerScanningCodeVC.h */ = {isa = PBXFileReference; fileEncoding = 4; lastKnownFileType = sourcecode.c.h; path = SkyerScanningCodeVC.h; sourceTree = "<group>"; };
		B6A66E6D1ED6B1B8002B1604 /* SkyerScanningCodeVC.m */ = {isa = PBXFileReference; fileEncoding = 4; lastKnownFileType = sourcecode.c.objc; path = SkyerScanningCodeVC.m; sourceTree = "<group>"; };
		B6A66E6F1ED6B1B8002B1604 /* SGAlertView.h */ = {isa = PBXFileReference; fileEncoding = 4; lastKnownFileType = sourcecode.c.h; path = SGAlertView.h; sourceTree = "<group>"; };
		B6A66E701ED6B1B8002B1604 /* SGAlertView.m */ = {isa = PBXFileReference; fileEncoding = 4; lastKnownFileType = sourcecode.c.objc; path = SGAlertView.m; sourceTree = "<group>"; };
		B6A66E721ED6B1B8002B1604 /* sound.caf */ = {isa = PBXFileReference; lastKnownFileType = file; path = sound.caf; sourceTree = "<group>"; };
		B6A66E741ED6B1B8002B1604 /* SGScanningQRCodeView.h */ = {isa = PBXFileReference; fileEncoding = 4; lastKnownFileType = sourcecode.c.h; path = SGScanningQRCodeView.h; sourceTree = "<group>"; };
		B6A66E751ED6B1B8002B1604 /* SGScanningQRCodeView.m */ = {isa = PBXFileReference; fileEncoding = 4; lastKnownFileType = sourcecode.c.objc; path = SGScanningQRCodeView.m; sourceTree = "<group>"; };
		B6A66E801ED6B1B8002B1604 /* address.plist */ = {isa = PBXFileReference; fileEncoding = 4; lastKnownFileType = text.plist.xml; path = address.plist; sourceTree = "<group>"; };
		B6A66E811ED6B1B8002B1604 /* CityPicker.storyboard */ = {isa = PBXFileReference; fileEncoding = 4; lastKnownFileType = file.storyboard; path = CityPicker.storyboard; sourceTree = "<group>"; };
		B6A66E821ED6B1B8002B1604 /* CityPickerViewController.h */ = {isa = PBXFileReference; fileEncoding = 4; lastKnownFileType = sourcecode.c.h; path = CityPickerViewController.h; sourceTree = "<group>"; };
		B6A66E831ED6B1B8002B1604 /* CityPickerViewController.m */ = {isa = PBXFileReference; fileEncoding = 4; lastKnownFileType = sourcecode.c.objc; path = CityPickerViewController.m; sourceTree = "<group>"; };
		B6A66E841ED6B1B8002B1604 /* SkyerCityPicker.h */ = {isa = PBXFileReference; fileEncoding = 4; lastKnownFileType = sourcecode.c.h; path = SkyerCityPicker.h; sourceTree = "<group>"; };
		B6A66E851ED6B1B8002B1604 /* SkyerCityPicker.m */ = {isa = PBXFileReference; fileEncoding = 4; lastKnownFileType = sourcecode.c.objc; path = SkyerCityPicker.m; sourceTree = "<group>"; };
		B6A66E871ED6B1B8002B1604 /* SkyerNavigationController.h */ = {isa = PBXFileReference; fileEncoding = 4; lastKnownFileType = sourcecode.c.h; path = SkyerNavigationController.h; sourceTree = "<group>"; };
		B6A66E881ED6B1B8002B1604 /* SkyerNavigationController.m */ = {isa = PBXFileReference; fileEncoding = 4; lastKnownFileType = sourcecode.c.objc; path = SkyerNavigationController.m; sourceTree = "<group>"; };
		B6A66E911ED6B1B8002B1604 /* SkyerUIFactory.h */ = {isa = PBXFileReference; fileEncoding = 4; lastKnownFileType = sourcecode.c.h; path = SkyerUIFactory.h; sourceTree = "<group>"; };
		B6A66E921ED6B1B8002B1604 /* SkyerUIFactory.m */ = {isa = PBXFileReference; fileEncoding = 4; lastKnownFileType = sourcecode.c.objc; path = SkyerUIFactory.m; sourceTree = "<group>"; };
		B6A66E9A1ED6B1B8002B1604 /* SkyerImagePicker.h */ = {isa = PBXFileReference; fileEncoding = 4; lastKnownFileType = sourcecode.c.h; path = SkyerImagePicker.h; sourceTree = "<group>"; };
		B6A66E9B1ED6B1B8002B1604 /* SkyerImagePicker.m */ = {isa = PBXFileReference; fileEncoding = 4; lastKnownFileType = sourcecode.c.objc; path = SkyerImagePicker.m; sourceTree = "<group>"; };
		B6A66E9D1ED6B1B8002B1604 /* SkyerAnimation.h */ = {isa = PBXFileReference; fileEncoding = 4; lastKnownFileType = sourcecode.c.h; path = SkyerAnimation.h; sourceTree = "<group>"; };
		B6A66E9E1ED6B1B8002B1604 /* SkyerAnimation.m */ = {isa = PBXFileReference; fileEncoding = 4; lastKnownFileType = sourcecode.c.objc; path = SkyerAnimation.m; sourceTree = "<group>"; };
		B6A66ED51ED6B76B002B1604 /* 极光推送版本.entitlements */ = {isa = PBXFileReference; lastKnownFileType = text.plist.entitlements; path = "极光推送版本.entitlements"; sourceTree = "<group>"; };
		B6A66EEF1ED6BA57002B1604 /* Main.storyboard */ = {isa = PBXFileReference; fileEncoding = 4; lastKnownFileType = file.storyboard; path = Main.storyboard; sourceTree = "<group>"; };
		B6A6FC271ED6C5D80060FC5E /* IQKeyboardManagerShare.h */ = {isa = PBXFileReference; fileEncoding = 4; lastKnownFileType = sourcecode.c.h; path = IQKeyboardManagerShare.h; sourceTree = "<group>"; };
		B6A6FC281ED6C5D80060FC5E /* IQKeyboardManagerShare.m */ = {isa = PBXFileReference; fileEncoding = 4; lastKnownFileType = sourcecode.c.objc; path = IQKeyboardManagerShare.m; sourceTree = "<group>"; };
		B6A6FC2B1ED6C5E70060FC5E /* FirstViewController.h */ = {isa = PBXFileReference; fileEncoding = 4; lastKnownFileType = sourcecode.c.h; path = FirstViewController.h; sourceTree = "<group>"; };
		B6A6FC2C1ED6C5E70060FC5E /* FirstViewController.m */ = {isa = PBXFileReference; fileEncoding = 4; lastKnownFileType = sourcecode.c.objc; path = FirstViewController.m; sourceTree = "<group>"; };
		B6A6FC2D1ED6C5E70060FC5E /* SportGetDataView.h */ = {isa = PBXFileReference; fileEncoding = 4; lastKnownFileType = sourcecode.c.h; path = SportGetDataView.h; sourceTree = "<group>"; };
		B6A6FC2E1ED6C5E70060FC5E /* SportGetDataView.m */ = {isa = PBXFileReference; fileEncoding = 4; lastKnownFileType = sourcecode.c.objc; path = SportGetDataView.m; sourceTree = "<group>"; };
		B6A6FC2F1ED6C5E70060FC5E /* SportGetDataView.xib */ = {isa = PBXFileReference; fileEncoding = 4; lastKnownFileType = file.xib; path = SportGetDataView.xib; sourceTree = "<group>"; };
		B6A6FC301ED6C5E70060FC5E /* SportMapView.h */ = {isa = PBXFileReference; fileEncoding = 4; lastKnownFileType = sourcecode.c.h; path = SportMapView.h; sourceTree = "<group>"; };
		B6A6FC311ED6C5E70060FC5E /* SportMapView.m */ = {isa = PBXFileReference; fileEncoding = 4; lastKnownFileType = sourcecode.c.objc; path = SportMapView.m; sourceTree = "<group>"; };
		B6A6FC321ED6C5E70060FC5E /* SportMapView.xib */ = {isa = PBXFileReference; fileEncoding = 4; lastKnownFileType = file.xib; path = SportMapView.xib; sourceTree = "<group>"; };
		B6A6FC341ED6C5E70060FC5E /* MapMineTrackViewController.h */ = {isa = PBXFileReference; fileEncoding = 4; lastKnownFileType = sourcecode.c.h; path = MapMineTrackViewController.h; sourceTree = "<group>"; };
		B6A6FC351ED6C5E70060FC5E /* MapMineTrackViewController.m */ = {isa = PBXFileReference; fileEncoding = 4; lastKnownFileType = sourcecode.c.objc; path = MapMineTrackViewController.m; sourceTree = "<group>"; };
		B6A6FC361ED6C5E70060FC5E /* MapTodayViewController.h */ = {isa = PBXFileReference; fileEncoding = 4; lastKnownFileType = sourcecode.c.h; path = MapTodayViewController.h; sourceTree = "<group>"; };
		B6A6FC371ED6C5E70060FC5E /* MapTodayViewController.m */ = {isa = PBXFileReference; fileEncoding = 4; lastKnownFileType = sourcecode.c.objc; path = MapTodayViewController.m; sourceTree = "<group>"; };
		B6A6FC381ED6C5E70060FC5E /* MyTrackViewController.h */ = {isa = PBXFileReference; fileEncoding = 4; lastKnownFileType = sourcecode.c.h; path = MyTrackViewController.h; sourceTree = "<group>"; };
		B6A6FC391ED6C5E70060FC5E /* MyTrackViewController.m */ = {isa = PBXFileReference; fileEncoding = 4; lastKnownFileType = sourcecode.c.objc; path = MyTrackViewController.m; sourceTree = "<group>"; };
		B6A6FC3A1ED6C5E70060FC5E /* SecondViewController.h */ = {isa = PBXFileReference; fileEncoding = 4; lastKnownFileType = sourcecode.c.h; path = SecondViewController.h; sourceTree = "<group>"; };
		B6A6FC3B1ED6C5E70060FC5E /* SecondViewController.m */ = {isa = PBXFileReference; fileEncoding = 4; lastKnownFileType = sourcecode.c.objc; path = SecondViewController.m; sourceTree = "<group>"; };
		B6A6FC3C1ED6C5E70060FC5E /* TodayTrackViewController.h */ = {isa = PBXFileReference; fileEncoding = 4; lastKnownFileType = sourcecode.c.h; path = TodayTrackViewController.h; sourceTree = "<group>"; };
		B6A6FC3D1ED6C5E70060FC5E /* TodayTrackViewController.m */ = {isa = PBXFileReference; fileEncoding = 4; lastKnownFileType = sourcecode.c.objc; path = TodayTrackViewController.m; sourceTree = "<group>"; };
		B6A6FC3F1ED6C5E70060FC5E /* RouteBookViewController.h */ = {isa = PBXFileReference; fileEncoding = 4; lastKnownFileType = sourcecode.c.h; path = RouteBookViewController.h; sourceTree = "<group>"; };
		B6A6FC401ED6C5E70060FC5E /* RouteBookViewController.m */ = {isa = PBXFileReference; fileEncoding = 4; lastKnownFileType = sourcecode.c.objc; path = RouteBookViewController.m; sourceTree = "<group>"; };
		B6A6FC411ED6C5E70060FC5E /* RouteDetailsViewController.h */ = {isa = PBXFileReference; fileEncoding = 4; lastKnownFileType = sourcecode.c.h; path = RouteDetailsViewController.h; sourceTree = "<group>"; };
		B6A6FC421ED6C5E70060FC5E /* RouteDetailsViewController.m */ = {isa = PBXFileReference; fileEncoding = 4; lastKnownFileType = sourcecode.c.objc; path = RouteDetailsViewController.m; sourceTree = "<group>"; };
		B6A6FC431ED6C5E70060FC5E /* ThirdViewController.h */ = {isa = PBXFileReference; fileEncoding = 4; lastKnownFileType = sourcecode.c.h; path = ThirdViewController.h; sourceTree = "<group>"; };
		B6A6FC441ED6C5E70060FC5E /* ThirdViewController.m */ = {isa = PBXFileReference; fileEncoding = 4; lastKnownFileType = sourcecode.c.objc; path = ThirdViewController.m; sourceTree = "<group>"; };
		B6A6FC451ED6C5E70060FC5E /* MainViewController.h */ = {isa = PBXFileReference; fileEncoding = 4; lastKnownFileType = sourcecode.c.h; path = MainViewController.h; sourceTree = "<group>"; };
		B6A6FC461ED6C5E70060FC5E /* MainViewController.m */ = {isa = PBXFileReference; fileEncoding = 4; lastKnownFileType = sourcecode.c.objc; path = MainViewController.m; sourceTree = "<group>"; };
		B6A6FC481ED6C5E70060FC5E /* QQStepViewController.h */ = {isa = PBXFileReference; fileEncoding = 4; lastKnownFileType = sourcecode.c.h; path = QQStepViewController.h; sourceTree = "<group>"; };
		B6A6FC491ED6C5E70060FC5E /* QQStepViewController.m */ = {isa = PBXFileReference; fileEncoding = 4; lastKnownFileType = sourcecode.c.objc; path = QQStepViewController.m; sourceTree = "<group>"; };
		B6A6FC4A1ED6C5E70060FC5E /* ZSHealthKitManager.h */ = {isa = PBXFileReference; fileEncoding = 4; lastKnownFileType = sourcecode.c.h; path = ZSHealthKitManager.h; sourceTree = "<group>"; };
		B6A6FC4B1ED6C5E70060FC5E /* ZSHealthKitManager.m */ = {isa = PBXFileReference; fileEncoding = 4; lastKnownFileType = sourcecode.c.objc; path = ZSHealthKitManager.m; sourceTree = "<group>"; };
		B6A6FC5E1ED6C6020060FC5E /* CommonUtility.h */ = {isa = PBXFileReference; fileEncoding = 4; lastKnownFileType = sourcecode.c.h; path = CommonUtility.h; sourceTree = "<group>"; };
		B6A6FC5F1ED6C6020060FC5E /* CommonUtility.m */ = {isa = PBXFileReference; fileEncoding = 4; lastKnownFileType = sourcecode.c.objc; path = CommonUtility.m; sourceTree = "<group>"; };
		B6A6FC601ED6C6020060FC5E /* LineDashPolyline.h */ = {isa = PBXFileReference; fileEncoding = 4; lastKnownFileType = sourcecode.c.h; path = LineDashPolyline.h; sourceTree = "<group>"; };
		B6A6FC611ED6C6020060FC5E /* LineDashPolyline.m */ = {isa = PBXFileReference; fileEncoding = 4; lastKnownFileType = sourcecode.c.objc; path = LineDashPolyline.m; sourceTree = "<group>"; };
		B6A6FC621ED6C6020060FC5E /* MANaviAnnotation.h */ = {isa = PBXFileReference; fileEncoding = 4; lastKnownFileType = sourcecode.c.h; path = MANaviAnnotation.h; sourceTree = "<group>"; };
		B6A6FC631ED6C6020060FC5E /* MANaviAnnotation.m */ = {isa = PBXFileReference; fileEncoding = 4; lastKnownFileType = sourcecode.c.objc; path = MANaviAnnotation.m; sourceTree = "<group>"; };
		B6A6FC641ED6C6020060FC5E /* MANaviPolyline.h */ = {isa = PBXFileReference; fileEncoding = 4; lastKnownFileType = sourcecode.c.h; path = MANaviPolyline.h; sourceTree = "<group>"; };
		B6A6FC651ED6C6020060FC5E /* MANaviPolyline.m */ = {isa = PBXFileReference; fileEncoding = 4; lastKnownFileType = sourcecode.c.objc; path = MANaviPolyline.m; sourceTree = "<group>"; };
		B6A6FC661ED6C6020060FC5E /* MANaviRoute.h */ = {isa = PBXFileReference; fileEncoding = 4; lastKnownFileType = sourcecode.c.h; path = MANaviRoute.h; sourceTree = "<group>"; };
		B6A6FC671ED6C6020060FC5E /* MANaviRoute.m */ = {isa = PBXFileReference; fileEncoding = 4; lastKnownFileType = sourcecode.c.objc; path = MANaviRoute.m; sourceTree = "<group>"; };
		B6A6FC691ED6C6020060FC5E /* Student.h */ = {isa = PBXFileReference; fileEncoding = 4; lastKnownFileType = sourcecode.c.h; path = Student.h; sourceTree = "<group>"; };
		B6A6FC6A1ED6C6020060FC5E /* Student.m */ = {isa = PBXFileReference; fileEncoding = 4; lastKnownFileType = sourcecode.c.objc; path = Student.m; sourceTree = "<group>"; };
		B6A6FC6C1ED6C6020060FC5E /* StartAndEndPoint.h */ = {isa = PBXFileReference; fileEncoding = 4; lastKnownFileType = sourcecode.c.h; path = StartAndEndPoint.h; sourceTree = "<group>"; };
		B6A6FC6D1ED6C6020060FC5E /* StartAndEndPoint.m */ = {isa = PBXFileReference; fileEncoding = 4; lastKnownFileType = sourcecode.c.objc; path = StartAndEndPoint.m; sourceTree = "<group>"; };
		B6A6FC751ED6DF1A0060FC5E /* SkyerJpushMessage.h */ = {isa = PBXFileReference; fileEncoding = 4; lastKnownFileType = sourcecode.c.h; path = SkyerJpushMessage.h; sourceTree = "<group>"; };
		B6A6FC761ED6DF1A0060FC5E /* SkyerJpushMessage.m */ = {isa = PBXFileReference; fileEncoding = 4; lastKnownFileType = sourcecode.c.objc; path = SkyerJpushMessage.m; sourceTree = "<group>"; };
		E2FB4AB965547103118D9AE9 /* libPods-极光推送版本.a */ = {isa = PBXFileReference; explicitFileType = archive.ar; includeInIndex = 0; path = "libPods-极光推送版本.a"; sourceTree = BUILT_PRODUCTS_DIR; };
		F7713C52B5056C4EB07D97FD /* Pods-极光推送版本.release.xcconfig */ = {isa = PBXFileReference; includeInIndex = 1; lastKnownFileType = text.xcconfig; name = "Pods-极光推送版本.release.xcconfig"; path = "Pods/Target Support Files/Pods-极光推送版本/Pods-极光推送版本.release.xcconfig"; sourceTree = "<group>"; };
/* End PBXFileReference section */

/* Begin PBXFrameworksBuildPhase section */
		B6A66DD01ED6AEF8002B1604 /* Frameworks */ = {
			isa = PBXFrameworksBuildPhase;
			buildActionMask = 2147483647;
			files = (
				B62526CA1F0DD1BF00ED07A8 /* CoreMotion.framework in Frameworks */,
				B613593D1ED7D9C4002159DF /* SystemConfiguration.framework in Frameworks */,
				B6A66DF41ED6B143002B1604 /* MapKit.framework in Frameworks */,
				B6A66DF01ED6B131002B1604 /* HealthKit.framework in Frameworks */,
				15C83AA2E36934B4B7A6D0B5 /* libPods-极光推送版本.a in Frameworks */,
			);
			runOnlyForDeploymentPostprocessing = 0;
		};
/* End PBXFrameworksBuildPhase section */

/* Begin PBXGroup section */
		6A8DDCB3437332FF4BF81B0C /* Frameworks */ = {
			isa = PBXGroup;
			children = (
				B62526C91F0DD1BF00ED07A8 /* CoreMotion.framework */,
				B613593C1ED7D9C4002159DF /* SystemConfiguration.framework */,
				B6A66DF31ED6B143002B1604 /* MapKit.framework */,
				B6A66DEF1ED6B131002B1604 /* HealthKit.framework */,
				E2FB4AB965547103118D9AE9 /* libPods-极光推送版本.a */,
			);
			name = Frameworks;
			sourceTree = "<group>";
		};
		B61359371ED7D7D6002159DF /* Reachability */ = {
			isa = PBXGroup;
			children = (
				B61359381ED7D7D6002159DF /* Reachability.h */,
				B61359391ED7D7D6002159DF /* Reachability.m */,
				B613593A1ED7D7D6002159DF /* Reachability用法.h */,
			);
			path = Reachability;
			sourceTree = "<group>";
		};
		B6A66DCA1ED6AEF8002B1604 = {
			isa = PBXGroup;
			children = (
				B6A66DD51ED6AEF8002B1604 /* 极光推送版本 */,
				B6A66DD41ED6AEF8002B1604 /* Products */,
				DA182F27D4CACA9061F71F35 /* Pods */,
				6A8DDCB3437332FF4BF81B0C /* Frameworks */,
			);
			sourceTree = "<group>";
		};
		B6A66DD41ED6AEF8002B1604 /* Products */ = {
			isa = PBXGroup;
			children = (
				B6A66DD31ED6AEF8002B1604 /* 极光推送版本.app */,
			);
			name = Products;
			sourceTree = "<group>";
		};
		B6A66DD51ED6AEF8002B1604 /* 极光推送版本 */ = {
			isa = PBXGroup;
			children = (
				B6A6FC5C1ED6C6020060FC5E /* Models */,
				B6A66ED51ED6B76B002B1604 /* 极光推送版本.entitlements */,
				B6A66E2D1ED6B1B8002B1604 /* Libs */,
				B6A66DF51ED6B179002B1604 /* Src */,
				B6A66DE21ED6AEF8002B1604 /* Assets.xcassets */,
				B6A66DF81ED6B179002B1604 /* LaunchScreen.storyboard */,
				B6A66DE71ED6AEF8002B1604 /* Info.plist */,
				B6A66DED1ED6AF44002B1604 /* Podfile */,
				B6A66DD61ED6AEF8002B1604 /* Supporting Files */,
			);
			path = "极光推送版本";
			sourceTree = "<group>";
		};
		B6A66DD61ED6AEF8002B1604 /* Supporting Files */ = {
			isa = PBXGroup;
			children = (
				B6A66DD71ED6AEF8002B1604 /* main.m */,
			);
			name = "Supporting Files";
			sourceTree = "<group>";
		};
		B6A66DF51ED6B179002B1604 /* Src */ = {
			isa = PBXGroup;
			children = (
				B6A66EEF1ED6BA57002B1604 /* Main.storyboard */,
				B6A66DF61ED6B179002B1604 /* AppDelegate.h */,
				B6A66DF71ED6B179002B1604 /* AppDelegate.m */,
				B68BC9C61FDA8B1F00762395 /* skJPUSHSet.h */,
				B68BC9C51FDA8B1F00762395 /* skJPUSHSet.m */,
				B68BC9C81FDA8B9900762395 /* SkyerSingleton.h */,
				B68BC9C21FDA8AA900762395 /* AppDelegate+Jpush.h */,
				B68BC9C31FDA8AA900762395 /* AppDelegate+Jpush.m */,
				B6A6FC451ED6C5E70060FC5E /* MainViewController.h */,
				B6A6FC461ED6C5E70060FC5E /* MainViewController.m */,
				B68897A71FDB8F34007317AA /* SFHFKeychainUtils.h */,
				B68897A81FDB8F36007317AA /* SFHFKeychainUtils.m */,
				B6A6FC751ED6DF1A0060FC5E /* SkyerJpushMessage.h */,
				B6A6FC761ED6DF1A0060FC5E /* SkyerJpushMessage.m */,
				B6A6FC471ED6C5E70060FC5E /* QQ运动 */,
				B6A6FC2A1ED6C5E70060FC5E /* 选项卡1 */,
				B6A6FC331ED6C5E70060FC5E /* 选项卡2 */,
				B6A6FC3E1ED6C5E70060FC5E /* 选项卡3 */,
			);
			path = Src;
			sourceTree = "<group>";
		};
		B6A66E2D1ED6B1B8002B1604 /* Libs */ = {
			isa = PBXGroup;
			children = (
				B6A66E2E1ED6B1B8002B1604 /* SkTool */,
			);
			path = Libs;
			sourceTree = "<group>";
		};
		B6A66E2E1ED6B1B8002B1604 /* SkTool */ = {
			isa = PBXGroup;
			children = (
				B61359371ED7D7D6002159DF /* Reachability */,
				B6A6FC261ED6C5D80060FC5E /* 键盘事件处理 */,
				B6A66E321ED6B1B8002B1604 /* MJExtension */,
				B6A66E491ED6B1B8002B1604 /* NsDate使用 */,
				B6A66E4C1ED6B1B8002B1604 /* QQ类似弹框 */,
				B6A66E541ED6B1B8002B1604 /* sqlite的使用 */,
				B6A66E651ED6B1B8002B1604 /* 二维码扫描 */,
				B6A66E7E1ED6B1B8002B1604 /* 城市选择器 */,
				B6A66E861ED6B1B8002B1604 /* 导航栏设置 */,
				B6A66E901ED6B1B8002B1604 /* 控件工厂 */,
				B6A66E991ED6B1B8002B1604 /* 相册访问 */,
				B6A66E9C1ED6B1B8002B1604 /* 简单动画 */,
			);
			path = SkTool;
			sourceTree = "<group>";
		};
		B6A66E321ED6B1B8002B1604 /* MJExtension */ = {
			isa = PBXGroup;
			children = (
				B6A66E331ED6B1B8002B1604 /* Info.plist */,
				B6A66E341ED6B1B8002B1604 /* MJExtension.h */,
				B6A66E351ED6B1B8002B1604 /* MJExtensionConst.h */,
				B6A66E361ED6B1B8002B1604 /* MJExtensionConst.m */,
				B6A66E371ED6B1B8002B1604 /* MJFoundation.h */,
				B6A66E381ED6B1B8002B1604 /* MJFoundation.m */,
				B6A66E391ED6B1B8002B1604 /* MJProperty.h */,
				B6A66E3A1ED6B1B8002B1604 /* MJProperty.m */,
				B6A66E3B1ED6B1B8002B1604 /* MJPropertyKey.h */,
				B6A66E3C1ED6B1B8002B1604 /* MJPropertyKey.m */,
				B6A66E3D1ED6B1B8002B1604 /* MJPropertyType.h */,
				B6A66E3E1ED6B1B8002B1604 /* MJPropertyType.m */,
				B6A66E3F1ED6B1B8002B1604 /* NSObject+MJClass.h */,
				B6A66E401ED6B1B8002B1604 /* NSObject+MJClass.m */,
				B6A66E411ED6B1B8002B1604 /* NSObject+MJCoding.h */,
				B6A66E421ED6B1B8002B1604 /* NSObject+MJCoding.m */,
				B6A66E431ED6B1B8002B1604 /* NSObject+MJKeyValue.h */,
				B6A66E441ED6B1B8002B1604 /* NSObject+MJKeyValue.m */,
				B6A66E451ED6B1B8002B1604 /* NSObject+MJProperty.h */,
				B6A66E461ED6B1B8002B1604 /* NSObject+MJProperty.m */,
				B6A66E471ED6B1B8002B1604 /* NSString+MJExtension.h */,
				B6A66E481ED6B1B8002B1604 /* NSString+MJExtension.m */,
			);
			path = MJExtension;
			sourceTree = "<group>";
		};
		B6A66E491ED6B1B8002B1604 /* NsDate使用 */ = {
			isa = PBXGroup;
			children = (
				B6A66E4A1ED6B1B8002B1604 /* skyerDateUse.h */,
				B6A66E4B1ED6B1B8002B1604 /* skyerDateUse.m */,
			);
			path = "NsDate使用";
			sourceTree = "<group>";
		};
		B6A66E4C1ED6B1B8002B1604 /* QQ类似弹框 */ = {
			isa = PBXGroup;
			children = (
				B6A66E4D1ED6B1B8002B1604 /* PopoverView */,
			);
			path = "QQ类似弹框";
			sourceTree = "<group>";
		};
		B6A66E4D1ED6B1B8002B1604 /* PopoverView */ = {
			isa = PBXGroup;
			children = (
				B6A66E4E1ED6B1B8002B1604 /* PopoverAction.h */,
				B6A66E4F1ED6B1B8002B1604 /* PopoverAction.m */,
				B6A66E501ED6B1B8002B1604 /* PopoverView.h */,
				B6A66E511ED6B1B8002B1604 /* PopoverView.m */,
				B6A66E521ED6B1B8002B1604 /* PopoverViewCell.h */,
				B6A66E531ED6B1B8002B1604 /* PopoverViewCell.m */,
			);
			path = PopoverView;
			sourceTree = "<group>";
		};
		B6A66E541ED6B1B8002B1604 /* sqlite的使用 */ = {
			isa = PBXGroup;
			children = (
				B6A66E621ED6B1B8002B1604 /* skyer.sqlite */,
				B6A66E631ED6B1B8002B1604 /* SkyerFmdbUse.h */,
				B6A66E641ED6B1B8002B1604 /* SkyerFmdbUse.m */,
			);
			path = "sqlite的使用";
			sourceTree = "<group>";
		};
		B6A66E651ED6B1B8002B1604 /* 二维码扫描 */ = {
			isa = PBXGroup;
			children = (
				B6A66E661ED6B1B8002B1604 /* Category */,
				B6A66E691ED6B1B8002B1604 /* Controller */,
				B6A66E6E1ED6B1B8002B1604 /* SGAlertView */,
				B6A66E711ED6B1B8002B1604 /* Sound */,
				B6A66E731ED6B1B8002B1604 /* View */,
			);
			path = "二维码扫描";
			sourceTree = "<group>";
		};
		B6A66E661ED6B1B8002B1604 /* Category */ = {
			isa = PBXGroup;
			children = (
				B6A66E671ED6B1B8002B1604 /* CIImage+SGExtension.h */,
				B6A66E681ED6B1B8002B1604 /* CIImage+SGExtension.m */,
			);
			path = Category;
			sourceTree = "<group>";
		};
		B6A66E691ED6B1B8002B1604 /* Controller */ = {
			isa = PBXGroup;
			children = (
				B6A66E6A1ED6B1B8002B1604 /* SGGenerateQRCodeVC.h */,
				B6A66E6B1ED6B1B8002B1604 /* SGGenerateQRCodeVC.m */,
				B6A66E6C1ED6B1B8002B1604 /* SkyerScanningCodeVC.h */,
				B6A66E6D1ED6B1B8002B1604 /* SkyerScanningCodeVC.m */,
			);
			path = Controller;
			sourceTree = "<group>";
		};
		B6A66E6E1ED6B1B8002B1604 /* SGAlertView */ = {
			isa = PBXGroup;
			children = (
				B6A66E6F1ED6B1B8002B1604 /* SGAlertView.h */,
				B6A66E701ED6B1B8002B1604 /* SGAlertView.m */,
			);
			path = SGAlertView;
			sourceTree = "<group>";
		};
		B6A66E711ED6B1B8002B1604 /* Sound */ = {
			isa = PBXGroup;
			children = (
				B6A66E721ED6B1B8002B1604 /* sound.caf */,
			);
			path = Sound;
			sourceTree = "<group>";
		};
		B6A66E731ED6B1B8002B1604 /* View */ = {
			isa = PBXGroup;
			children = (
				B6A66E741ED6B1B8002B1604 /* SGScanningQRCodeView.h */,
				B6A66E751ED6B1B8002B1604 /* SGScanningQRCodeView.m */,
			);
			path = View;
			sourceTree = "<group>";
		};
		B6A66E7E1ED6B1B8002B1604 /* 城市选择器 */ = {
			isa = PBXGroup;
			children = (
				B6A66E7F1ED6B1B8002B1604 /* SkyerCityPicker */,
			);
			path = "城市选择器";
			sourceTree = "<group>";
		};
		B6A66E7F1ED6B1B8002B1604 /* SkyerCityPicker */ = {
			isa = PBXGroup;
			children = (
				B6A66E801ED6B1B8002B1604 /* address.plist */,
				B6A66E811ED6B1B8002B1604 /* CityPicker.storyboard */,
				B6A66E821ED6B1B8002B1604 /* CityPickerViewController.h */,
				B6A66E831ED6B1B8002B1604 /* CityPickerViewController.m */,
				B6A66E841ED6B1B8002B1604 /* SkyerCityPicker.h */,
				B6A66E851ED6B1B8002B1604 /* SkyerCityPicker.m */,
			);
			path = SkyerCityPicker;
			sourceTree = "<group>";
		};
		B6A66E861ED6B1B8002B1604 /* 导航栏设置 */ = {
			isa = PBXGroup;
			children = (
				B6A66E871ED6B1B8002B1604 /* SkyerNavigationController.h */,
				B6A66E881ED6B1B8002B1604 /* SkyerNavigationController.m */,
			);
			path = "导航栏设置";
			sourceTree = "<group>";
		};
		B6A66E901ED6B1B8002B1604 /* 控件工厂 */ = {
			isa = PBXGroup;
			children = (
				B6A66E911ED6B1B8002B1604 /* SkyerUIFactory.h */,
				B6A66E921ED6B1B8002B1604 /* SkyerUIFactory.m */,
			);
			path = "控件工厂";
			sourceTree = "<group>";
		};
		B6A66E991ED6B1B8002B1604 /* 相册访问 */ = {
			isa = PBXGroup;
			children = (
				B6A66E9A1ED6B1B8002B1604 /* SkyerImagePicker.h */,
				B6A66E9B1ED6B1B8002B1604 /* SkyerImagePicker.m */,
			);
			path = "相册访问";
			sourceTree = "<group>";
		};
		B6A66E9C1ED6B1B8002B1604 /* 简单动画 */ = {
			isa = PBXGroup;
			children = (
				B6A66E9D1ED6B1B8002B1604 /* SkyerAnimation.h */,
				B6A66E9E1ED6B1B8002B1604 /* SkyerAnimation.m */,
			);
			path = "简单动画";
			sourceTree = "<group>";
		};
		B6A6FC261ED6C5D80060FC5E /* 键盘事件处理 */ = {
			isa = PBXGroup;
			children = (
				B6A6FC271ED6C5D80060FC5E /* IQKeyboardManagerShare.h */,
				B6A6FC281ED6C5D80060FC5E /* IQKeyboardManagerShare.m */,
			);
			path = "键盘事件处理";
			sourceTree = "<group>";
		};
		B6A6FC2A1ED6C5E70060FC5E /* 选项卡1 */ = {
			isa = PBXGroup;
			children = (
				B6A6FC2B1ED6C5E70060FC5E /* FirstViewController.h */,
				B6A6FC2C1ED6C5E70060FC5E /* FirstViewController.m */,
				B6A6FC2D1ED6C5E70060FC5E /* SportGetDataView.h */,
				B6A6FC2E1ED6C5E70060FC5E /* SportGetDataView.m */,
				B6A6FC2F1ED6C5E70060FC5E /* SportGetDataView.xib */,
				B6A6FC301ED6C5E70060FC5E /* SportMapView.h */,
				B6A6FC311ED6C5E70060FC5E /* SportMapView.m */,
				B6A6FC321ED6C5E70060FC5E /* SportMapView.xib */,
			);
			path = "选项卡1";
			sourceTree = "<group>";
		};
		B6A6FC331ED6C5E70060FC5E /* 选项卡2 */ = {
			isa = PBXGroup;
			children = (
				B6A6FC341ED6C5E70060FC5E /* MapMineTrackViewController.h */,
				B6A6FC351ED6C5E70060FC5E /* MapMineTrackViewController.m */,
				B6A6FC361ED6C5E70060FC5E /* MapTodayViewController.h */,
				B6A6FC371ED6C5E70060FC5E /* MapTodayViewController.m */,
				B6A6FC381ED6C5E70060FC5E /* MyTrackViewController.h */,
				B6A6FC391ED6C5E70060FC5E /* MyTrackViewController.m */,
				B6A6FC3A1ED6C5E70060FC5E /* SecondViewController.h */,
				B6A6FC3B1ED6C5E70060FC5E /* SecondViewController.m */,
				B6A6FC3C1ED6C5E70060FC5E /* TodayTrackViewController.h */,
				B6A6FC3D1ED6C5E70060FC5E /* TodayTrackViewController.m */,
			);
			path = "选项卡2";
			sourceTree = "<group>";
		};
		B6A6FC3E1ED6C5E70060FC5E /* 选项卡3 */ = {
			isa = PBXGroup;
			children = (
				B6A6FC3F1ED6C5E70060FC5E /* RouteBookViewController.h */,
				B6A6FC401ED6C5E70060FC5E /* RouteBookViewController.m */,
				B6A6FC411ED6C5E70060FC5E /* RouteDetailsViewController.h */,
				B6A6FC421ED6C5E70060FC5E /* RouteDetailsViewController.m */,
				B6A6FC431ED6C5E70060FC5E /* ThirdViewController.h */,
				B6A6FC441ED6C5E70060FC5E /* ThirdViewController.m */,
			);
			path = "选项卡3";
			sourceTree = "<group>";
		};
		B6A6FC471ED6C5E70060FC5E /* QQ运动 */ = {
			isa = PBXGroup;
			children = (
				B6A6FC481ED6C5E70060FC5E /* QQStepViewController.h */,
				B6A6FC491ED6C5E70060FC5E /* QQStepViewController.m */,
				B6A6FC4A1ED6C5E70060FC5E /* ZSHealthKitManager.h */,
				B6A6FC4B1ED6C5E70060FC5E /* ZSHealthKitManager.m */,
				B68897A41FDB82EC007317AA /* ActivateViewController.h */,
				B68897A51FDB82EC007317AA /* ActivateViewController.m */,
			);
			path = "QQ运动";
			sourceTree = "<group>";
		};
		B6A6FC5C1ED6C6020060FC5E /* Models */ = {
			isa = PBXGroup;
			children = (
				B6A6FC5D1ED6C6020060FC5E /* RoutePlanModel */,
				B6A6FC681ED6C6020060FC5E /* 数据模型 */,
				B6A6FC6B1ED6C6020060FC5E /* 起点终点 */,
			);
			path = Models;
			sourceTree = "<group>";
		};
		B6A6FC5D1ED6C6020060FC5E /* RoutePlanModel */ = {
			isa = PBXGroup;
			children = (
				B6A6FC5E1ED6C6020060FC5E /* CommonUtility.h */,
				B6A6FC5F1ED6C6020060FC5E /* CommonUtility.m */,
				B6A6FC601ED6C6020060FC5E /* LineDashPolyline.h */,
				B6A6FC611ED6C6020060FC5E /* LineDashPolyline.m */,
				B6A6FC621ED6C6020060FC5E /* MANaviAnnotation.h */,
				B6A6FC631ED6C6020060FC5E /* MANaviAnnotation.m */,
				B6A6FC641ED6C6020060FC5E /* MANaviPolyline.h */,
				B6A6FC651ED6C6020060FC5E /* MANaviPolyline.m */,
				B6A6FC661ED6C6020060FC5E /* MANaviRoute.h */,
				B6A6FC671ED6C6020060FC5E /* MANaviRoute.m */,
			);
			path = RoutePlanModel;
			sourceTree = "<group>";
		};
		B6A6FC681ED6C6020060FC5E /* 数据模型 */ = {
			isa = PBXGroup;
			children = (
				B6A6FC691ED6C6020060FC5E /* Student.h */,
				B6A6FC6A1ED6C6020060FC5E /* Student.m */,
			);
			path = "数据模型";
			sourceTree = "<group>";
		};
		B6A6FC6B1ED6C6020060FC5E /* 起点终点 */ = {
			isa = PBXGroup;
			children = (
				B6A6FC6C1ED6C6020060FC5E /* StartAndEndPoint.h */,
				B6A6FC6D1ED6C6020060FC5E /* StartAndEndPoint.m */,
			);
			path = "起点终点";
			sourceTree = "<group>";
		};
		DA182F27D4CACA9061F71F35 /* Pods */ = {
			isa = PBXGroup;
			children = (
				821AB6A8416D5B97D9C1F957 /* Pods-极光推送版本.debug.xcconfig */,
				F7713C52B5056C4EB07D97FD /* Pods-极光推送版本.release.xcconfig */,
			);
			name = Pods;
			sourceTree = "<group>";
		};
/* End PBXGroup section */

/* Begin PBXNativeTarget section */
		B6A66DD21ED6AEF8002B1604 /* 极光推送版本 */ = {
			isa = PBXNativeTarget;
			buildConfigurationList = B6A66DEA1ED6AEF8002B1604 /* Build configuration list for PBXNativeTarget "极光推送版本" */;
			buildPhases = (
				29D6065D829197F4C9917894 /* [CP] Check Pods Manifest.lock */,
				B6A66DCF1ED6AEF8002B1604 /* Sources */,
				B6A66DD01ED6AEF8002B1604 /* Frameworks */,
				B6A66DD11ED6AEF8002B1604 /* Resources */,
				0C59A5D9D46120AB86AEB082 /* [CP] Embed Pods Frameworks */,
				E309F15C74C0B0C053EA50E8 /* [CP] Copy Pods Resources */,
			);
			buildRules = (
			);
			dependencies = (
			);
			name = "极光推送版本";
			productName = "极光推送版本";
			productReference = B6A66DD31ED6AEF8002B1604 /* 极光推送版本.app */;
			productType = "com.apple.product-type.application";
		};
/* End PBXNativeTarget section */

/* Begin PBXProject section */
		B6A66DCB1ED6AEF8002B1604 /* Project object */ = {
			isa = PBXProject;
			attributes = {
				LastUpgradeCheck = 0830;
				ORGANIZATIONNAME = skyer;
				TargetAttributes = {
					B6A66DD21ED6AEF8002B1604 = {
						CreatedOnToolsVersion = 8.3.1;
						DevelopmentTeam = F474Y7ZN3P;
						ProvisioningStyle = Manual;
						SystemCapabilities = {
							com.apple.HealthKit = {
								enabled = 1;
							};
							com.apple.HomeKit = {
								enabled = 0;
							};
							com.apple.Push = {
								enabled = 1;
							};
						};
					};
				};
			};
			buildConfigurationList = B6A66DCE1ED6AEF8002B1604 /* Build configuration list for PBXProject "极光推送版本" */;
			compatibilityVersion = "Xcode 3.2";
			developmentRegion = English;
			hasScannedForEncodings = 0;
			knownRegions = (
				en,
				Base,
			);
			mainGroup = B6A66DCA1ED6AEF8002B1604;
			productRefGroup = B6A66DD41ED6AEF8002B1604 /* Products */;
			projectDirPath = "";
			projectRoot = "";
			targets = (
				B6A66DD21ED6AEF8002B1604 /* 极光推送版本 */,
			);
		};
/* End PBXProject section */

/* Begin PBXResourcesBuildPhase section */
		B6A66DD11ED6AEF8002B1604 /* Resources */ = {
			isa = PBXResourcesBuildPhase;
			buildActionMask = 2147483647;
			files = (
				B6A66EB81ED6B1B8002B1604 /* skyer.sqlite in Resources */,
				B6A66EC31ED6B1B8002B1604 /* address.plist in Resources */,
				B6A66EC41ED6B1B8002B1604 /* CityPicker.storyboard in Resources */,
				B6A66EBE1ED6B1B8002B1604 /* sound.caf in Resources */,
				B6A66EF01ED6BA57002B1604 /* Main.storyboard in Resources */,
				B6A6FC501ED6C5E70060FC5E /* SportMapView.xib in Resources */,
				B6A6FC4E1ED6C5E70060FC5E /* SportGetDataView.xib in Resources */,
				B6A66E1C1ED6B179002B1604 /* LaunchScreen.storyboard in Resources */,
				B6A66DE31ED6AEF8002B1604 /* Assets.xcassets in Resources */,
				B6A66DEE1ED6AF44002B1604 /* Podfile in Resources */,
				B6A66EA31ED6B1B8002B1604 /* Info.plist in Resources */,
			);
			runOnlyForDeploymentPostprocessing = 0;
		};
/* End PBXResourcesBuildPhase section */

/* Begin PBXShellScriptBuildPhase section */
		0C59A5D9D46120AB86AEB082 /* [CP] Embed Pods Frameworks */ = {
			isa = PBXShellScriptBuildPhase;
			buildActionMask = 2147483647;
			files = (
			);
			inputPaths = (
			);
			name = "[CP] Embed Pods Frameworks";
			outputPaths = (
			);
			runOnlyForDeploymentPostprocessing = 0;
			shellPath = /bin/sh;
			shellScript = "\"${SRCROOT}/Pods/Target Support Files/Pods-极光推送版本/Pods-极光推送版本-frameworks.sh\"\n";
			showEnvVarsInLog = 0;
		};
		29D6065D829197F4C9917894 /* [CP] Check Pods Manifest.lock */ = {
			isa = PBXShellScriptBuildPhase;
			buildActionMask = 2147483647;
			files = (
			);
			inputPaths = (
				"${PODS_PODFILE_DIR_PATH}/Podfile.lock",
				"${PODS_ROOT}/Manifest.lock",
			);
			name = "[CP] Check Pods Manifest.lock";
			outputPaths = (
				"$(DERIVED_FILE_DIR)/Pods-极光推送版本-checkManifestLockResult.txt",
			);
			runOnlyForDeploymentPostprocessing = 0;
			shellPath = /bin/sh;
			shellScript = "diff \"${PODS_PODFILE_DIR_PATH}/Podfile.lock\" \"${PODS_ROOT}/Manifest.lock\" > /dev/null\nif [ $? != 0 ] ; then\n    # print error to STDERR\n    echo \"error: The sandbox is not in sync with the Podfile.lock. Run 'pod install' or update your CocoaPods installation.\" >&2\n    exit 1\nfi\n# This output is used by Xcode 'outputs' to avoid re-running this script phase.\necho \"SUCCESS\" > \"${SCRIPT_OUTPUT_FILE_0}\"\n";
			showEnvVarsInLog = 0;
		};
		E309F15C74C0B0C053EA50E8 /* [CP] Copy Pods Resources */ = {
			isa = PBXShellScriptBuildPhase;
			buildActionMask = 2147483647;
			files = (
			);
			inputPaths = (
				"${SRCROOT}/Pods/Target Support Files/Pods-极光推送版本/Pods-极光推送版本-resources.sh",
				"${PODS_ROOT}/AMap3DMap/MAMapKit.framework/AMap.bundle",
				"${PODS_ROOT}/IQKeyboardManager/IQKeyboardManager/Resources/IQKeyboardManager.bundle",
			);
			name = "[CP] Copy Pods Resources";
			outputPaths = (
				"${TARGET_BUILD_DIR}/${UNLOCALIZED_RESOURCES_FOLDER_PATH}",
			);
			runOnlyForDeploymentPostprocessing = 0;
			shellPath = /bin/sh;
			shellScript = "\"${SRCROOT}/Pods/Target Support Files/Pods-极光推送版本/Pods-极光推送版本-resources.sh\"\n";
			showEnvVarsInLog = 0;
		};
/* End PBXShellScriptBuildPhase section */

/* Begin PBXSourcesBuildPhase section */
		B6A66DCF1ED6AEF8002B1604 /* Sources */ = {
			isa = PBXSourcesBuildPhase;
			buildActionMask = 2147483647;
			files = (
				B6A66EAF1ED6B1B8002B1604 /* PopoverAction.m in Sources */,
				B6A66ECF1ED6B1B8002B1604 /* SkyerAnimation.m in Sources */,
				B6A6FC4D1ED6C5E70060FC5E /* SportGetDataView.m in Sources */,
				B6A66EA51ED6B1B8002B1604 /* MJFoundation.m in Sources */,
				B6A66EA71ED6B1B8002B1604 /* MJPropertyKey.m in Sources */,
				B6A6FC521ED6C5E70060FC5E /* MapTodayViewController.m in Sources */,
				B6A6FC5A1ED6C5E70060FC5E /* QQStepViewController.m in Sources */,
				B6A66EBB1ED6B1B8002B1604 /* SGGenerateQRCodeVC.m in Sources */,
				B6A6FC731ED6C6020060FC5E /* Student.m in Sources */,
				B6A6FC6E1ED6C6020060FC5E /* CommonUtility.m in Sources */,
				B6A6FC591ED6C5E70060FC5E /* MainViewController.m in Sources */,
				B6A66EB91ED6B1B8002B1604 /* SkyerFmdbUse.m in Sources */,
				B6A66EA61ED6B1B8002B1604 /* MJProperty.m in Sources */,
				B6A66ECB1ED6B1B8002B1604 /* SkyerUIFactory.m in Sources */,
				B6A66EA81ED6B1B8002B1604 /* MJPropertyType.m in Sources */,
				B68BC9C41FDA8AA900762395 /* AppDelegate+Jpush.m in Sources */,
				B6A6FC581ED6C5E70060FC5E /* ThirdViewController.m in Sources */,
				B6A6FC531ED6C5E70060FC5E /* MyTrackViewController.m in Sources */,
				B6A66EB11ED6B1B8002B1604 /* PopoverViewCell.m in Sources */,
				B68BC9C71FDA8B1F00762395 /* skJPUSHSet.m in Sources */,
				B6A66EBC1ED6B1B8002B1604 /* SkyerScanningCodeVC.m in Sources */,
				B68897A91FDB8F39007317AA /* SFHFKeychainUtils.m in Sources */,
				B6A66EC51ED6B1B8002B1604 /* CityPickerViewController.m in Sources */,
				B6A66ECE1ED6B1B8002B1604 /* SkyerImagePicker.m in Sources */,
				B6A6FC561ED6C5E70060FC5E /* RouteBookViewController.m in Sources */,
				B6A66EC71ED6B1B8002B1604 /* SkyerNavigationController.m in Sources */,
				B6A66EBF1ED6B1B8002B1604 /* SGScanningQRCodeView.m in Sources */,
				B6A66EAB1ED6B1B8002B1604 /* NSObject+MJKeyValue.m in Sources */,
				B6A66EAE1ED6B1B8002B1604 /* skyerDateUse.m in Sources */,
				B68897A61FDB82EC007317AA /* ActivateViewController.m in Sources */,
				B6A6FC711ED6C6020060FC5E /* MANaviPolyline.m in Sources */,
				B6A6FC741ED6C6020060FC5E /* StartAndEndPoint.m in Sources */,
				B6A66EB01ED6B1B8002B1604 /* PopoverView.m in Sources */,
				B6A6FC6F1ED6C6020060FC5E /* LineDashPolyline.m in Sources */,
				B6A66EA41ED6B1B8002B1604 /* MJExtensionConst.m in Sources */,
				B6A6FC771ED6DF1A0060FC5E /* SkyerJpushMessage.m in Sources */,
				B6A66EBD1ED6B1B8002B1604 /* SGAlertView.m in Sources */,
				B6A66EAC1ED6B1B8002B1604 /* NSObject+MJProperty.m in Sources */,
				B6A66E1B1ED6B179002B1604 /* AppDelegate.m in Sources */,
				B6A6FC511ED6C5E70060FC5E /* MapMineTrackViewController.m in Sources */,
				B6A66EAA1ED6B1B8002B1604 /* NSObject+MJCoding.m in Sources */,
				B6A6FC291ED6C5D80060FC5E /* IQKeyboardManagerShare.m in Sources */,
				B6A6FC4F1ED6C5E70060FC5E /* SportMapView.m in Sources */,
				B6A6FC701ED6C6020060FC5E /* MANaviAnnotation.m in Sources */,
				B613593B1ED7D7D6002159DF /* Reachability.m in Sources */,
				B6A6FC551ED6C5E70060FC5E /* TodayTrackViewController.m in Sources */,
				B6A6FC4C1ED6C5E70060FC5E /* FirstViewController.m in Sources */,
				B6A6FC571ED6C5E70060FC5E /* RouteDetailsViewController.m in Sources */,
				B6A66EA91ED6B1B8002B1604 /* NSObject+MJClass.m in Sources */,
				B6A6FC721ED6C6020060FC5E /* MANaviRoute.m in Sources */,
				B6A6FC5B1ED6C5E70060FC5E /* ZSHealthKitManager.m in Sources */,
				B6A6FC541ED6C5E70060FC5E /* SecondViewController.m in Sources */,
				B6A66EC61ED6B1B8002B1604 /* SkyerCityPicker.m in Sources */,
				B6A66DD81ED6AEF8002B1604 /* main.m in Sources */,
				B6A66EBA1ED6B1B8002B1604 /* CIImage+SGExtension.m in Sources */,
				B6A66EAD1ED6B1B8002B1604 /* NSString+MJExtension.m in Sources */,
			);
			runOnlyForDeploymentPostprocessing = 0;
		};
/* End PBXSourcesBuildPhase section */

/* Begin XCBuildConfiguration section */
		B6A66DE81ED6AEF8002B1604 /* Debug */ = {
			isa = XCBuildConfiguration;
			buildSettings = {
				ALWAYS_SEARCH_USER_PATHS = NO;
				CLANG_ANALYZER_NONNULL = YES;
				CLANG_ANALYZER_NUMBER_OBJECT_CONVERSION = YES_AGGRESSIVE;
				CLANG_CXX_LANGUAGE_STANDARD = "gnu++0x";
				CLANG_CXX_LIBRARY = "libc++";
				CLANG_ENABLE_MODULES = YES;
				CLANG_ENABLE_OBJC_ARC = YES;
				CLANG_WARN_BOOL_CONVERSION = YES;
				CLANG_WARN_CONSTANT_CONVERSION = YES;
				CLANG_WARN_DIRECT_OBJC_ISA_USAGE = YES_ERROR;
				CLANG_WARN_DOCUMENTATION_COMMENTS = YES;
				CLANG_WARN_EMPTY_BODY = YES;
				CLANG_WARN_ENUM_CONVERSION = YES;
				CLANG_WARN_INFINITE_RECURSION = YES;
				CLANG_WARN_INT_CONVERSION = YES;
				CLANG_WARN_OBJC_ROOT_CLASS = YES_ERROR;
				CLANG_WARN_SUSPICIOUS_MOVE = YES;
				CLANG_WARN_UNREACHABLE_CODE = YES;
				CLANG_WARN__DUPLICATE_METHOD_MATCH = YES;
				"CODE_SIGN_IDENTITY[sdk=iphoneos*]" = "iPhone Developer";
				COPY_PHASE_STRIP = NO;
				DEBUG_INFORMATION_FORMAT = dwarf;
				ENABLE_BITCODE = YES;
				ENABLE_STRICT_OBJC_MSGSEND = YES;
				ENABLE_TESTABILITY = YES;
				GCC_C_LANGUAGE_STANDARD = gnu99;
				GCC_DYNAMIC_NO_PIC = NO;
				GCC_NO_COMMON_BLOCKS = YES;
				GCC_OPTIMIZATION_LEVEL = 0;
				GCC_PREPROCESSOR_DEFINITIONS = (
					"DEBUG=1",
					"$(inherited)",
				);
				GCC_WARN_64_TO_32_BIT_CONVERSION = YES;
				GCC_WARN_ABOUT_RETURN_TYPE = YES_ERROR;
				GCC_WARN_UNDECLARED_SELECTOR = YES;
				GCC_WARN_UNINITIALIZED_AUTOS = YES_AGGRESSIVE;
				GCC_WARN_UNUSED_FUNCTION = YES;
				GCC_WARN_UNUSED_VARIABLE = YES;
				IPHONEOS_DEPLOYMENT_TARGET = 10.3;
				MTL_ENABLE_DEBUG_INFO = YES;
				ONLY_ACTIVE_ARCH = YES;
				OTHER_LDFLAGS = "";
				SDKROOT = iphoneos;
				VALID_ARCHS = "armv7 arm64 armv7s";
			};
			name = Debug;
		};
		B6A66DE91ED6AEF8002B1604 /* Release */ = {
			isa = XCBuildConfiguration;
			buildSettings = {
				ALWAYS_SEARCH_USER_PATHS = NO;
				CLANG_ANALYZER_NONNULL = YES;
				CLANG_ANALYZER_NUMBER_OBJECT_CONVERSION = YES_AGGRESSIVE;
				CLANG_CXX_LANGUAGE_STANDARD = "gnu++0x";
				CLANG_CXX_LIBRARY = "libc++";
				CLANG_ENABLE_MODULES = YES;
				CLANG_ENABLE_OBJC_ARC = YES;
				CLANG_WARN_BOOL_CONVERSION = YES;
				CLANG_WARN_CONSTANT_CONVERSION = YES;
				CLANG_WARN_DIRECT_OBJC_ISA_USAGE = YES_ERROR;
				CLANG_WARN_DOCUMENTATION_COMMENTS = YES;
				CLANG_WARN_EMPTY_BODY = YES;
				CLANG_WARN_ENUM_CONVERSION = YES;
				CLANG_WARN_INFINITE_RECURSION = YES;
				CLANG_WARN_INT_CONVERSION = YES;
				CLANG_WARN_OBJC_ROOT_CLASS = YES_ERROR;
				CLANG_WARN_SUSPICIOUS_MOVE = YES;
				CLANG_WARN_UNREACHABLE_CODE = YES;
				CLANG_WARN__DUPLICATE_METHOD_MATCH = YES;
				"CODE_SIGN_IDENTITY[sdk=iphoneos*]" = "iPhone Developer";
				COPY_PHASE_STRIP = NO;
				DEBUG_INFORMATION_FORMAT = "dwarf-with-dsym";
				ENABLE_BITCODE = YES;
				ENABLE_NS_ASSERTIONS = NO;
				ENABLE_STRICT_OBJC_MSGSEND = YES;
				GCC_C_LANGUAGE_STANDARD = gnu99;
				GCC_NO_COMMON_BLOCKS = YES;
				GCC_WARN_64_TO_32_BIT_CONVERSION = YES;
				GCC_WARN_ABOUT_RETURN_TYPE = YES_ERROR;
				GCC_WARN_UNDECLARED_SELECTOR = YES;
				GCC_WARN_UNINITIALIZED_AUTOS = YES_AGGRESSIVE;
				GCC_WARN_UNUSED_FUNCTION = YES;
				GCC_WARN_UNUSED_VARIABLE = YES;
				IPHONEOS_DEPLOYMENT_TARGET = 10.3;
				MTL_ENABLE_DEBUG_INFO = NO;
				OTHER_LDFLAGS = "";
				SDKROOT = iphoneos;
				VALIDATE_PRODUCT = YES;
				VALID_ARCHS = "armv7 arm64 armv7s";
			};
			name = Release;
		};
		B6A66DEB1ED6AEF8002B1604 /* Debug */ = {
			isa = XCBuildConfiguration;
			baseConfigurationReference = 821AB6A8416D5B97D9C1F957 /* Pods-极光推送版本.debug.xcconfig */;
			buildSettings = {
				ASSETCATALOG_COMPILER_APPICON_NAME = AppIcon;
				CODE_SIGN_ENTITLEMENTS = "极光推送版本/极光推送版本.entitlements";
				"CODE_SIGN_IDENTITY[sdk=iphoneos*]" = "iPhone Developer";
				CODE_SIGN_STYLE = Manual;
				DEVELOPMENT_TEAM = F474Y7ZN3P;
				INFOPLIST_FILE = "极光推送版本/Info.plist";
				IPHONEOS_DEPLOYMENT_TARGET = 9.0;
				LD_RUNPATH_SEARCH_PATHS = "$(inherited) @executable_path/Frameworks";
				PRODUCT_BUNDLE_IDENTIFIER = skyer.todayTrack.com;
				PRODUCT_NAME = "$(TARGET_NAME)";
				PROVISIONING_PROFILE = "c05b5341-fdbc-4e6d-a831-a207db1917a0";
				PROVISIONING_PROFILE_SPECIFIER = "skyer.todayTrack.com Development";
			};
			name = Debug;
		};
		B6A66DEC1ED6AEF8002B1604 /* Release */ = {
			isa = XCBuildConfiguration;
			baseConfigurationReference = F7713C52B5056C4EB07D97FD /* Pods-极光推送版本.release.xcconfig */;
			buildSettings = {
				ASSETCATALOG_COMPILER_APPICON_NAME = AppIcon;
				CODE_SIGN_ENTITLEMENTS = "极光推送版本/极光推送版本.entitlements";
				"CODE_SIGN_IDENTITY[sdk=iphoneos*]" = "iPhone Distribution";
				CODE_SIGN_STYLE = Manual;
				DEVELOPMENT_TEAM = F474Y7ZN3P;
				INFOPLIST_FILE = "极光推送版本/Info.plist";
				IPHONEOS_DEPLOYMENT_TARGET = 9.0;
				LD_RUNPATH_SEARCH_PATHS = "$(inherited) @executable_path/Frameworks";
				PRODUCT_BUNDLE_IDENTIFIER = skyer.todayTrack.com;
				PRODUCT_NAME = "$(TARGET_NAME)";
				PROVISIONING_PROFILE = "3c10a8c8-c694-4a5b-8c2e-f9f2e3cb91f3";
				PROVISIONING_PROFILE_SPECIFIER = "Distribution skyer.todayTrack.com";
			};
			name = Release;
		};
/* End XCBuildConfiguration section */

/* Begin XCConfigurationList section */
		B6A66DCE1ED6AEF8002B1604 /* Build configuration list for PBXProject "极光推送版本" */ = {
			isa = XCConfigurationList;
			buildConfigurations = (
				B6A66DE81ED6AEF8002B1604 /* Debug */,
				B6A66DE91ED6AEF8002B1604 /* Release */,
			);
			defaultConfigurationIsVisible = 0;
			defaultConfigurationName = Release;
		};
		B6A66DEA1ED6AEF8002B1604 /* Build configuration list for PBXNativeTarget "极光推送版本" */ = {
			isa = XCConfigurationList;
			buildConfigurations = (
				B6A66DEB1ED6AEF8002B1604 /* Debug */,
				B6A66DEC1ED6AEF8002B1604 /* Release */,
			);
			defaultConfigurationIsVisible = 0;
			defaultConfigurationName = Release;
		};
/* End XCConfigurationList section */
	};
	rootObject = B6A66DCB1ED6AEF8002B1604 /* Project object */;
}
